
Microsoft Visual Studio Solution File, Format Version 12.00
# Visual Studio Version 17
VisualStudioVersion = 17.8.34322.80
MinimumVisualStudioVersion = 10.0.40219.1
Project("{FAE04EC0-301F-11D3-BF4B-00C04F79EFBC}") = "laba_2_async_sinc", "laba_2_asinc_sinc\laba_2_async_sinc.csproj", "{545C07C6-27A4-4174-B3F7-02418380CAE4}"
EndProject
Project("{FAE04EC0-301F-11D3-BF4B-00C04F79EFBC}") = "async", "asinc\async.csproj", "{C778B545-A5D3-4A71-9423-BC8BD711D147}"
EndProject
Global
	GlobalSection(SolutionConfigurationPlatforms) = preSolution
		Debug|Any CPU = Debug|Any CPU
		Release|Any CPU = Release|Any CPU
	EndGlobalSection
	GlobalSection(ProjectConfigurationPlatforms) = postSolution
		{545C07C6-27A4-4174-B3F7-02418380CAE4}.Debug|Any CPU.ActiveCfg = Debug|Any CPU
		{545C07C6-27A4-4174-B3F7-02418380CAE4}.Debug|Any CPU.Build.0 = Debug|Any CPU
		{545C07C6-27A4-4174-B3F7-02418380CAE4}.Release|Any CPU.ActiveCfg = Release|Any CPU
		{545C07C6-27A4-4174-B3F7-02418380CAE4}.Release|Any CPU.Build.0 = Release|Any CPU
		{C778B545-A5D3-4A71-9423-BC8BD711D147}.Debug|Any CPU.ActiveCfg = Debug|Any CPU
		{C778B545-A5D3-4A71-9423-BC8BD711D147}.Debug|Any CPU.Build.0 = Debug|Any CPU
		{C778B545-A5D3-4A71-9423-BC8BD711D147}.Release|Any CPU.ActiveCfg = Release|Any CPU
		{C778B545-A5D3-4A71-9423-BC8BD711D147}.Release|Any CPU.Build.0 = Release|Any CPU
	EndGlobalSection
	GlobalSection(SolutionProperties) = preSolution
		HideSolutionNode = FALSE
	EndGlobalSection
	GlobalSection(ExtensibilityGlobals) = postSolution
		SolutionGuid = {163DC79A-206F-4FAD-9764-AC1FB535C47B}
	EndGlobalSection
EndGlobal
